
Microsoft Visual Studio Solution File, Format Version 12.00
# Visual Studio 15
VisualStudioVersion = 15.0.27703.1
MinimumVisualStudioVersion = 10.0.40219.1
Project("{FAE04EC0-301F-11D3-BF4B-00C04F79EFBC}") = "MvcMovie", "MvcMovie\MvcMovie.csproj", "{115E3C45-2556-433F-B717-C5A86543D83E}"
EndProject
Global
	GlobalSection(SolutionConfigurationPlatforms) = preSolution
		Debug|Any CPU = Debug|Any CPU
		Release|Any CPU = Release|Any CPU
	EndGlobalSection
	GlobalSection(ProjectConfigurationPlatforms) = postSolution
		{115E3C45-2556-433F-B717-C5A86543D83E}.Debug|Any CPU.ActiveCfg = Debug|Any CPU
		{115E3C45-2556-433F-B717-C5A86543D83E}.Debug|Any CPU.Build.0 = Debug|Any CPU
		{115E3C45-2556-433F-B717-C5A86543D83E}.Release|Any CPU.ActiveCfg = Release|Any CPU
		{115E3C45-2556-433F-B717-C5A86543D83E}.Release|Any CPU.Build.0 = Release|Any CPU
	EndGlobalSection
	GlobalSection(SolutionProperties) = preSolution
		HideSolutionNode = FALSE
	EndGlobalSection
	GlobalSection(ExtensibilityGlobals) = postSolution
		SolutionGuid = {8FA8B7A5-D1D1-4B90-875D-9226B6B0C919}
	EndGlobalSection
EndGlobal
